// !$*UTF8*$!
{
	archiveVersion = 1;
	classes = {
	};
	objectVersion = 46;
	objects = {

/* Begin PBXBuildFile section */
		74E38AEA1E62EE9F00EE1F6B /* main.m in Sources */ = {isa = PBXBuildFile; fileRef = 74E38AE91E62EE9F00EE1F6B /* main.m */; };
		74E38AED1E62EE9F00EE1F6B /* AppDelegate.m in Sources */ = {isa = PBXBuildFile; fileRef = 74E38AEC1E62EE9F00EE1F6B /* AppDelegate.m */; };
		74E38AF31E62EE9F00EE1F6B /* Main.storyboard in Resources */ = {isa = PBXBuildFile; fileRef = 74E38AF11E62EE9F00EE1F6B /* Main.storyboard */; };
		74E38AF51E62EE9F00EE1F6B /* Assets.xcassets in Resources */ = {isa = PBXBuildFile; fileRef = 74E38AF41E62EE9F00EE1F6B /* Assets.xcassets */; };
		74E38AF81E62EE9F00EE1F6B /* LaunchScreen.storyboard in Resources */ = {isa = PBXBuildFile; fileRef = 74E38AF61E62EE9F00EE1F6B /* LaunchScreen.storyboard */; };
		74E38B031E62EE9F00EE1F6B /* TableView____Tests.m in Sources */ = {isa = PBXBuildFile; fileRef = 74E38B021E62EE9F00EE1F6B /* TableView____Tests.m */; };
		74E38B0E1E62EE9F00EE1F6B /* TableView____UITests.m in Sources */ = {isa = PBXBuildFile; fileRef = 74E38B0D1E62EE9F00EE1F6B /* TableView____UITests.m */; };
		74E38B1D1E62EED900EE1F6B /* MainViewController.m in Sources */ = {isa = PBXBuildFile; fileRef = 74E38B1C1E62EED900EE1F6B /* MainViewController.m */; };
		74E38B201E62EF3D00EE1F6B /* SecondViewController.m in Sources */ = {isa = PBXBuildFile; fileRef = 74E38B1F1E62EF3D00EE1F6B /* SecondViewController.m */; };
		74E38B221E62F30D00EE1F6B /* 天平.png in Resources */ = {isa = PBXBuildFile; fileRef = 74E38B211E62F30D00EE1F6B /* 天平.png */; };
		74E38B241E62F31100EE1F6B /* h1.jpeg in Resources */ = {isa = PBXBuildFile; fileRef = 74E38B231E62F31100EE1F6B /* h1.jpeg */; };
/* End PBXBuildFile section */

/* Begin PBXContainerItemProxy section */
		74E38AFF1E62EE9F00EE1F6B /* PBXContainerItemProxy */ = {
			isa = PBXContainerItemProxy;
			containerPortal = 74E38ADD1E62EE9F00EE1F6B /* Project object */;
			proxyType = 1;
			remoteGlobalIDString = 74E38AE41E62EE9F00EE1F6B;
			remoteInfo = "TableView界面传值";
		};
		74E38B0A1E62EE9F00EE1F6B /* PBXContainerItemProxy */ = {
			isa = PBXContainerItemProxy;
			containerPortal = 74E38ADD1E62EE9F00EE1F6B /* Project object */;
			proxyType = 1;
			remoteGlobalIDString = 74E38AE41E62EE9F00EE1F6B;
			remoteInfo = "TableView界面传值";
		};
/* End PBXContainerItemProxy section */

/* Begin PBXFileReference section */
		74E38AE51E62EE9F00EE1F6B /* TableView界面传值.app */ = {isa = PBXFileReference; explicitFileType = wrapper.application; includeInIndex = 0; path = "TableView界面传值.app"; sourceTree = BUILT_PRODUCTS_DIR; };
		74E38AE91E62EE9F00EE1F6B /* main.m */ = {isa = PBXFileReference; lastKnownFileType = sourcecode.c.objc; path = main.m; sourceTree = "<group>"; };
		74E38AEB1E62EE9F00EE1F6B /* AppDelegate.h */ = {isa = PBXFileReference; lastKnownFileType = sourcecode.c.h; path = AppDelegate.h; sourceTree = "<group>"; };
		74E38AEC1E62EE9F00EE1F6B /* AppDelegate.m */ = {isa = PBXFileReference; lastKnownFileType = sourcecode.c.objc; path = AppDelegate.m; sourceTree = "<group>"; };
		74E38AF21E62EE9F00EE1F6B /* Base */ = {isa = PBXFileReference; lastKnownFileType = file.storyboard; name = Base; path = Base.lproj/Main.storyboard; sourceTree = "<group>"; };
		74E38AF41E62EE9F00EE1F6B /* Assets.xcassets */ = {isa = PBXFileReference; lastKnownFileType = folder.assetcatalog; path = Assets.xcassets; sourceTree = "<group>"; };
		74E38AF71E62EE9F00EE1F6B /* Base */ = {isa = PBXFileReference; lastKnownFileType = file.storyboard; name = Base; path = Base.lproj/LaunchScreen.storyboard; sourceTree = "<group>"; };
		74E38AF91E62EE9F00EE1F6B /* Info.plist */ = {isa = PBXFileReference; lastKnownFileType = text.plist.xml; path = Info.plist; sourceTree = "<group>"; };
		74E38AFE1E62EE9F00EE1F6B /* TableView界面传值Tests.xctest */ = {isa = PBXFileReference; explicitFileType = wrapper.cfbundle; includeInIndex = 0; path = "TableView界面传值Tests.xctest"; sourceTree = BUILT_PRODUCTS_DIR; };
		74E38B021E62EE9F00EE1F6B /* TableView____Tests.m */ = {isa = PBXFileReference; lastKnownFileType = sourcecode.c.objc; path = "TableView____Tests.m"; sourceTree = "<group>"; };
		74E38B041E62EE9F00EE1F6B /* Info.plist */ = {isa = PBXFileReference; lastKnownFileType = text.plist.xml; path = Info.plist; sourceTree = "<group>"; };
		74E38B091E62EE9F00EE1F6B /* TableView界面传值UITests.xctest */ = {isa = PBXFileReference; explicitFileType = wrapper.cfbundle; includeInIndex = 0; path = "TableView界面传值UITests.xctest"; sourceTree = BUILT_PRODUCTS_DIR; };
		74E38B0D1E62EE9F00EE1F6B /* TableView____UITests.m */ = {isa = PBXFileReference; lastKnownFileType = sourcecode.c.objc; path = "TableView____UITests.m"; sourceTree = "<group>"; };
		74E38B0F1E62EE9F00EE1F6B /* Info.plist */ = {isa = PBXFileReference; lastKnownFileType = text.plist.xml; path = Info.plist; sourceTree = "<group>"; };
		74E38B1B1E62EED900EE1F6B /* MainViewController.h */ = {isa = PBXFileReference; fileEncoding = 4; lastKnownFileType = sourcecode.c.h; path = MainViewController.h; sourceTree = "<group>"; };
		74E38B1C1E62EED900EE1F6B /* MainViewController.m */ = {isa = PBXFileReference; fileEncoding = 4; lastKnownFileType = sourcecode.c.objc; path = MainViewController.m; sourceTree = "<group>"; };
		74E38B1E1E62EF3D00EE1F6B /* SecondViewController.h */ = {isa = PBXFileReference; fileEncoding = 4; lastKnownFileType = sourcecode.c.h; path = SecondViewController.h; sourceTree = "<group>"; };
		74E38B1F1E62EF3D00EE1F6B /* SecondViewController.m */ = {isa = PBXFileReference; fileEncoding = 4; lastKnownFileType = sourcecode.c.objc; path = SecondViewController.m; sourceTree = "<group>"; };
		74E38B211E62F30D00EE1F6B /* 天平.png */ = {isa = PBXFileReference; lastKnownFileType = image.png; path = "天平.png"; sourceTree = "<group>"; };
		74E38B231E62F31100EE1F6B /* h1.jpeg */ = {isa = PBXFileReference; lastKnownFileType = image.jpeg; path = h1.jpeg; sourceTree = "<group>"; };
/* End PBXFileReference section */

/* Begin PBXFrameworksBuildPhase section */
		74E38AE21E62EE9F00EE1F6B /* Frameworks */ = {
			isa = PBXFrameworksBuildPhase;
			buildActionMask = 2147483647;
			files = (
			);
			runOnlyForDeploymentPostprocessing = 0;
		};
		74E38AFB1E62EE9F00EE1F6B /* Frameworks */ = {
			isa = PBXFrameworksBuildPhase;
			buildActionMask = 2147483647;
			files = (
			);
			runOnlyForDeploymentPostprocessing = 0;
		};
		74E38B061E62EE9F00EE1F6B /* Frameworks */ = {
			isa = PBXFrameworksBuildPhase;
			buildActionMask = 2147483647;
			files = (
			);
			runOnlyForDeploymentPostprocessing = 0;
		};
/* End PBXFrameworksBuildPhase section */

/* Begin PBXGroup section */
		74E38ADC1E62EE9F00EE1F6B = {
			isa = PBXGroup;
			children = (
				74E38AE71E62EE9F00EE1F6B /* TableView界面传值 */,
				74E38B011E62EE9F00EE1F6B /* TableView界面传值Tests */,
				74E38B0C1E62EE9F00EE1F6B /* TableView界面传值UITests */,
				74E38AE61E62EE9F00EE1F6B /* Products */,
			);
			sourceTree = "<group>";
		};
		74E38AE61E62EE9F00EE1F6B /* Products */ = {
			isa = PBXGroup;
			children = (
				74E38AE51E62EE9F00EE1F6B /* TableView界面传值.app */,
				74E38AFE1E62EE9F00EE1F6B /* TableView界面传值Tests.xctest */,
				74E38B091E62EE9F00EE1F6B /* TableView界面传值UITests.xctest */,
			);
			name = Products;
			sourceTree = "<group>";
		};
		74E38AE71E62EE9F00EE1F6B /* TableView界面传值 */ = {
			isa = PBXGroup;
			children = (
				74E38B231E62F31100EE1F6B /* h1.jpeg */,
				74E38B211E62F30D00EE1F6B /* 天平.png */,
				74E38AEB1E62EE9F00EE1F6B /* AppDelegate.h */,
				74E38AEC1E62EE9F00EE1F6B /* AppDelegate.m */,
				74E38B1B1E62EED900EE1F6B /* MainViewController.h */,
				74E38B1C1E62EED900EE1F6B /* MainViewController.m */,
				74E38B1E1E62EF3D00EE1F6B /* SecondViewController.h */,
				74E38B1F1E62EF3D00EE1F6B /* SecondViewController.m */,
				74E38AF11E62EE9F00EE1F6B /* Main.storyboard */,
				74E38AF41E62EE9F00EE1F6B /* Assets.xcassets */,
				74E38AF61E62EE9F00EE1F6B /* LaunchScreen.storyboard */,
				74E38AF91E62EE9F00EE1F6B /* Info.plist */,
				74E38AE81E62EE9F00EE1F6B /* Supporting Files */,
			);
			path = "TableView界面传值";
			sourceTree = "<group>";
		};
		74E38AE81E62EE9F00EE1F6B /* Supporting Files */ = {
			isa = PBXGroup;
			children = (
				74E38AE91E62EE9F00EE1F6B /* main.m */,
			);
			name = "Supporting Files";
			sourceTree = "<group>";
		};
		74E38B011E62EE9F00EE1F6B /* TableView界面传值Tests */ = {
			isa = PBXGroup;
			children = (
				74E38B021E62EE9F00EE1F6B /* TableView____Tests.m */,
				74E38B041E62EE9F00EE1F6B /* Info.plist */,
			);
			path = "TableView界面传值Tests";
			sourceTree = "<group>";
		};
		74E38B0C1E62EE9F00EE1F6B /* TableView界面传值UITests */ = {
			isa = PBXGroup;
			children = (
				74E38B0D1E62EE9F00EE1F6B /* TableView____UITests.m */,
				74E38B0F1E62EE9F00EE1F6B /* Info.plist */,
			);
			path = "TableView界面传值UITests";
			sourceTree = "<group>";
		};
/* End PBXGroup section */

/* Begin PBXNativeTarget section */
		74E38AE41E62EE9F00EE1F6B /* TableView界面传值 */ = {
			isa = PBXNativeTarget;
			buildConfigurationList = 74E38B121E62EE9F00EE1F6B /* Build configuration list for PBXNativeTarget "TableView界面传值" */;
			buildPhases = (
				74E38AE11E62EE9F00EE1F6B /* Sources */,
				74E38AE21E62EE9F00EE1F6B /* Frameworks */,
				74E38AE31E62EE9F00EE1F6B /* Resources */,
			);
			buildRules = (
			);
			dependencies = (
			);
			name = "TableView界面传值";
			productName = "TableView界面传值";
			productReference = 74E38AE51E62EE9F00EE1F6B /* TableView界面传值.app */;
			productType = "com.apple.product-type.application";
		};
		74E38AFD1E62EE9F00EE1F6B /* TableView界面传值Tests */ = {
			isa = PBXNativeTarget;
			buildConfigurationList = 74E38B151E62EE9F00EE1F6B /* Build configuration list for PBXNativeTarget "TableView界面传值Tests" */;
			buildPhases = (
				74E38AFA1E62EE9F00EE1F6B /* Sources */,
				74E38AFB1E62EE9F00EE1F6B /* Frameworks */,
				74E38AFC1E62EE9F00EE1F6B /* Resources */,
			);
			buildRules = (
			);
			dependencies = (
				74E38B001E62EE9F00EE1F6B /* PBXTargetDependency */,
			);
			name = "TableView界面传值Tests";
			productName = "TableView界面传值Tests";
			productReference = 74E38AFE1E62EE9F00EE1F6B /* TableView界面传值Tests.xctest */;
			productType = "com.apple.product-type.bundle.unit-test";
		};
		74E38B081E62EE9F00EE1F6B /* TableView界面传值UITests */ = {
			isa = PBXNativeTarget;
			buildConfigurationList = 74E38B181E62EE9F00EE1F6B /* Build configuration list for PBXNativeTarget "TableView界面传值UITests" */;
			buildPhases = (
				74E38B051E62EE9F00EE1F6B /* Sources */,
				74E38B061E62EE9F00EE1F6B /* Frameworks */,
				74E38B071E62EE9F00EE1F6B /* Resources */,
			);
			buildRules = (
			);
			dependencies = (
				74E38B0B1E62EE9F00EE1F6B /* PBXTargetDependency */,
			);
			name = "TableView界面传值UITests";
			productName = "TableView界面传值UITests";
			productReference = 74E38B091E62EE9F00EE1F6B /* TableView界面传值UITests.xctest */;
			productType = "com.apple.product-type.bundle.ui-testing";
		};
/* End PBXNativeTarget section */

/* Begin PBXProject section */
		74E38ADD1E62EE9F00EE1F6B /* Project object */ = {
			isa = PBXProject;
			attributes = {
				LastUpgradeCheck = 0730;
				ORGANIZATIONNAME = "纵昂";
				TargetAttributes = {
					74E38AE41E62EE9F00EE1F6B = {
						CreatedOnToolsVersion = 7.3.1;
					};
					74E38AFD1E62EE9F00EE1F6B = {
						CreatedOnToolsVersion = 7.3.1;
						TestTargetID = 74E38AE41E62EE9F00EE1F6B;
					};
					74E38B081E62EE9F00EE1F6B = {
						CreatedOnToolsVersion = 7.3.1;
						TestTargetID = 74E38AE41E62EE9F00EE1F6B;
					};
				};
			};
			buildConfigurationList = 74E38AE01E62EE9F00EE1F6B /* Build configuration list for PBXProject "TableView界面传值" */;
			compatibilityVersion = "Xcode 3.2";
			developmentRegion = English;
			hasScannedForEncodings = 0;
			knownRegions = (
				en,
				Base,
			);
			mainGroup = 74E38ADC1E62EE9F00EE1F6B;
			productRefGroup = 74E38AE61E62EE9F00EE1F6B /* Products */;
			projectDirPath = "";
			projectRoot = "";
			targets = (
				74E38AE41E62EE9F00EE1F6B /* TableView界面传值 */,
				74E38AFD1E62EE9F00EE1F6B /* TableView界面传值Tests */,
				74E38B081E62EE9F00EE1F6B /* TableView界面传值UITests */,
			);
		};
/* End PBXProject section */

/* Begin PBXResourcesBuildPhase section */
		74E38AE31E62EE9F00EE1F6B /* Resources */ = {
			isa = PBXResourcesBuildPhase;
			buildActionMask = 2147483647;
			files = (
				74E38AF81E62EE9F00EE1F6B /* LaunchScreen.storyboard in Resources */,
				74E38B221E62F30D00EE1F6B /* 天平.png in Resources */,
				74E38AF51E62EE9F00EE1F6B /* Assets.xcassets in Resources */,
				74E38AF31E62EE9F00EE1F6B /* Main.storyboard in Resources */,
				74E38B241E62F31100EE1F6B /* h1.jpeg in Resources */,
			);
			runOnlyForDeploymentPostprocessing = 0;
		};
		74E38AFC1E62EE9F00EE1F6B /* Resources */ = {
			isa = PBXResourcesBuildPhase;
			buildActionMask = 2147483647;
			files = (
			);
			runOnlyForDeploymentPostprocessing = 0;
		};
		74E38B071E62EE9F00EE1F6B /* Resources */ = {
			isa = PBXResourcesBuildPhase;
			buildActionMask = 2147483647;
			files = (
			);
			runOnlyForDeploymentPostprocessing = 0;
		};
/* End PBXResourcesBuildPhase section */

/* Begin PBXSourcesBuildPhase section */
		74E38AE11E62EE9F00EE1F6B /* Sources */ = {
			isa = PBXSourcesBuildPhase;
			buildActionMask = 2147483647;
			files = (
				74E38B201E62EF3D00EE1F6B /* SecondViewController.m in Sources */,
				74E38AED1E62EE9F00EE1F6B /* AppDelegate.m in Sources */,
				74E38B1D1E62EED900EE1F6B /* MainViewController.m in Sources */,
				74E38AEA1E62EE9F00EE1F6B /* main.m in Sources */,
			);
			runOnlyForDeploymentPostprocessing = 0;
		};
		74E38AFA1E62EE9F00EE1F6B /* Sources */ = {
			isa = PBXSourcesBuildPhase;
			buildActionMask = 2147483647;
			files = (
				74E38B031E62EE9F00EE1F6B /* TableView____Tests.m in Sources */,
			);
			runOnlyForDeploymentPostprocessing = 0;
		};
		74E38B051E62EE9F00EE1F6B /* Sources */ = {
			isa = PBXSourcesBuildPhase;
			buildActionMask = 2147483647;
			files = (
				74E38B0E1E62EE9F00EE1F6B /* TableView____UITests.m in Sources */,
			);
			runOnlyForDeploymentPostprocessing = 0;
		};
/* End PBXSourcesBuildPhase section */

/* Begin PBXTargetDependency section */
		74E38B001E62EE9F00EE1F6B /* PBXTargetDependency */ = {
			isa = PBXTargetDependency;
			target = 74E38AE41E62EE9F00EE1F6B /* TableView界面传值 */;
			targetProxy = 74E38AFF1E62EE9F00EE1F6B /* PBXContainerItemProxy */;
		};
		74E38B0B1E62EE9F00EE1F6B /* PBXTargetDependency */ = {
			isa = PBXTargetDependency;
			target = 74E38AE41E62EE9F00EE1F6B /* TableView界面传值 */;
			targetProxy = 74E38B0A1E62EE9F00EE1F6B /* PBXContainerItemProxy */;
		};
/* End PBXTargetDependency section */

/* Begin PBXVariantGroup section */
		74E38AF11E62EE9F00EE1F6B /* Main.storyboard */ = {
			isa = PBXVariantGroup;
			children = (
				74E38AF21E62EE9F00EE1F6B /* Base */,
			);
			name = Main.storyboard;
			sourceTree = "<group>";
		};
		74E38AF61E62EE9F00EE1F6B /* LaunchScreen.storyboard */ = {
			isa = PBXVariantGroup;
			children = (
				74E38AF71E62EE9F00EE1F6B /* Base */,
			);
			name = LaunchScreen.storyboard;
			sourceTree = "<group>";
		};
/* End PBXVariantGroup section */

/* Begin XCBuildConfiguration section */
		74E38B101E62EE9F00EE1F6B /* Debug */ = {
			isa = XCBuildConfiguration;
			buildSettings = {
				ALWAYS_SEARCH_USER_PATHS = NO;
				CLANG_ANALYZER_NONNULL = YES;
				CLANG_CXX_LANGUAGE_STANDARD = "gnu++0x";
				CLANG_CXX_LIBRARY = "libc++";
				CLANG_ENABLE_MODULES = YES;
				CLANG_ENABLE_OBJC_ARC = YES;
				CLANG_WARN_BOOL_CONVERSION = YES;
				CLANG_WARN_CONSTANT_CONVERSION = YES;
				CLANG_WARN_DIRECT_OBJC_ISA_USAGE = YES_ERROR;
				CLANG_WARN_EMPTY_BODY = YES;
				CLANG_WARN_ENUM_CONVERSION = YES;
				CLANG_WARN_INT_CONVERSION = YES;
				CLANG_WARN_OBJC_ROOT_CLASS = YES_ERROR;
				CLANG_WARN_UNREACHABLE_CODE = YES;
				CLANG_WARN__DUPLICATE_METHOD_MATCH = YES;
				"CODE_SIGN_IDENTITY[sdk=iphoneos*]" = "iPhone Developer";
				COPY_PHASE_STRIP = NO;
				DEBUG_INFORMATION_FORMAT = dwarf;
				ENABLE_STRICT_OBJC_MSGSEND = YES;
				ENABLE_TESTABILITY = YES;
				GCC_C_LANGUAGE_STANDARD = gnu99;
				GCC_DYNAMIC_NO_PIC = NO;
				GCC_NO_COMMON_BLOCKS = YES;
				GCC_OPTIMIZATION_LEVEL = 0;
				GCC_PREPROCESSOR_DEFINITIONS = (
					"DEBUG=1",
					"$(inherited)",
				);
				GCC_WARN_64_TO_32_BIT_CONVERSION = YES;
				GCC_WARN_ABOUT_RETURN_TYPE = YES_ERROR;
				GCC_WARN_UNDECLARED_SELECTOR = YES;
				GCC_WARN_UNINITIALIZED_AUTOS = YES_AGGRESSIVE;
				GCC_WARN_UNUSED_FUNCTION = YES;
				GCC_WARN_UNUSED_VARIABLE = YES;
				IPHONEOS_DEPLOYMENT_TARGET = 9.3;
				MTL_ENABLE_DEBUG_INFO = YES;
				ONLY_ACTIVE_ARCH = YES;
				SDKROOT = iphoneos;
				TARGETED_DEVICE_FAMILY = "1,2";
			};
			name = Debug;
		};
		74E38B111E62EE9F00EE1F6B /* Release */ = {
			isa = XCBuildConfiguration;
			buildSettings = {
				ALWAYS_SEARCH_USER_PATHS = NO;
				CLANG_ANALYZER_NONNULL = YES;
				CLANG_CXX_LANGUAGE_STANDARD = "gnu++0x";
				CLANG_CXX_LIBRARY = "libc++";
				CLANG_ENABLE_MODULES = YES;
				CLANG_ENABLE_OBJC_ARC = YES;
				CLANG_WARN_BOOL_CONVERSION = YES;
				CLANG_WARN_CONSTANT_CONVERSION = YES;
				CLANG_WARN_DIRECT_OBJC_ISA_USAGE = YES_ERROR;
				CLANG_WARN_EMPTY_BODY = YES;
				CLANG_WARN_ENUM_CONVERSION = YES;
				CLANG_WARN_INT_CONVERSION = YES;
				CLANG_WARN_OBJC_ROOT_CLASS = YES_ERROR;
				CLANG_WARN_UNREACHABLE_CODE = YES;
				CLANG_WARN__DUPLICATE_METHOD_MATCH = YES;
				"CODE_SIGN_IDENTITY[sdk=iphoneos*]" = "iPhone Developer";
				COPY_PHASE_STRIP = NO;
				DEBUG_INFORMATION_FORMAT = "dwarf-with-dsym";
				ENABLE_NS_ASSERTIONS = NO;
				ENABLE_STRICT_OBJC_MSGSEND = YES;
				GCC_C_LANGUAGE_STANDARD = gnu99;
				GCC_NO_COMMON_BLOCKS = YES;
				GCC_WARN_64_TO_32_BIT_CONVERSION = YES;
				GCC_WARN_ABOUT_RETURN_TYPE = YES_ERROR;
				GCC_WARN_UNDECLARED_SELECTOR = YES;
				GCC_WARN_UNINITIALIZED_AUTOS = YES_AGGRESSIVE;
				GCC_WARN_UNUSED_FUNCTION = YES;
				GCC_WARN_UNUSED_VARIABLE = YES;
				IPHONEOS_DEPLOYMENT_TARGET = 9.3;
				MTL_ENABLE_DEBUG_INFO = NO;
				SDKROOT = iphoneos;
				TARGETED_DEVICE_FAMILY = "1,2";
				VALIDATE_PRODUCT = YES;
			};
			name = Release;
		};
		74E38B131E62EE9F00EE1F6B /* Debug */ = {
			isa = XCBuildConfiguration;
			buildSettings = {
				ASSETCATALOG_COMPILER_APPICON_NAME = AppIcon;
				INFOPLIST_FILE = "TableView界面传值/Info.plist";
				LD_RUNPATH_SEARCH_PATHS = "$(inherited) @executable_path/Frameworks";
				PRODUCT_BUNDLE_IDENTIFIER = "-23.TableView----";
				PRODUCT_NAME = "$(TARGET_NAME)";
			};
			name = Debug;
		};
		74E38B141E62EE9F00EE1F6B /* Release */ = {
			isa = XCBuildConfiguration;
			buildSettings = {
				ASSETCATALOG_COMPILER_APPICON_NAME = AppIcon;
				INFOPLIST_FILE = "TableView界面传值/Info.plist";
				LD_RUNPATH_SEARCH_PATHS = "$(inherited) @executable_path/Frameworks";
				PRODUCT_BUNDLE_IDENTIFIER = "-23.TableView----";
				PRODUCT_NAME = "$(TARGET_NAME)";
			};
			name = Release;
		};
		74E38B161E62EE9F00EE1F6B /* Debug */ = {
			isa = XCBuildConfiguration;
			buildSettings = {
				BUNDLE_LOADER = "$(TEST_HOST)";
				INFOPLIST_FILE = "TableView界面传值Tests/Info.plist";
				LD_RUNPATH_SEARCH_PATHS = "$(inherited) @executable_path/Frameworks @loader_path/Frameworks";
				PRODUCT_BUNDLE_IDENTIFIER = "-23.TableView----Tests";
				PRODUCT_NAME = "$(TARGET_NAME)";
				TEST_HOST = "$(BUILT_PRODUCTS_DIR)/TableView界面传值.app/TableView界面传值";
			};
			name = Debug;
		};
		74E38B171E62EE9F00EE1F6B /* Release */ = {
			isa = XCBuildConfiguration;
			buildSettings = {
				BUNDLE_LOADER = "$(TEST_HOST)";
				INFOPLIST_FILE = "TableView界面传值Tests/Info.plist";
				LD_RUNPATH_SEARCH_PATHS = "$(inherited) @executable_path/Frameworks @loader_path/Frameworks";
				PRODUCT_BUNDLE_IDENTIFIER = "-23.TableView----Tests";
				PRODUCT_NAME = "$(TARGET_NAME)";
				TEST_HOST = "$(BUILT_PRODUCTS_DIR)/TableView界面传值.app/TableView界面传值";
			};
			name = Release;
		};
		74E38B191E62EE9F00EE1F6B /* Debug */ = {
			isa = XCBuildConfiguration;
			buildSettings = {
				INFOPLIST_FILE = "TableView界面传值UITests/Info.plist";
				LD_RUNPATH_SEARCH_PATHS = "$(inherited) @executable_path/Frameworks @loader_path/Frameworks";
				PRODUCT_BUNDLE_IDENTIFIER = "-23.TableView----UITests";
				PRODUCT_NAME = "$(TARGET_NAME)";
				TEST_TARGET_NAME = "TableView界面传值";
			};
			name = Debug;
		};
		74E38B1A1E62EE9F00EE1F6B /* Release */ = {
			isa = XCBuildConfiguration;
			buildSettings = {
				INFOPLIST_FILE = "TableView界面传值UITests/Info.plist";
				LD_RUNPATH_SEARCH_PATHS = "$(inherited) @executable_path/Frameworks @loader_path/Frameworks";
				PRODUCT_BUNDLE_IDENTIFIER = "-23.TableView----UITests";
				PRODUCT_NAME = "$(TARGET_NAME)";
				TEST_TARGET_NAME = "TableView界面传值";
			};
			name = Release;
		};
/* End XCBuildConfiguration section */

/* Begin XCConfigurationList section */
		74E38AE01E62EE9F00EE1F6B /* Build configuration list for PBXProject "TableView界面传值" */ = {
			isa = XCConfigurationList;
			buildConfigurations = (
				74E38B101E62EE9F00EE1F6B /* Debug */,
				74E38B111E62EE9F00EE1F6B /* Release */,
			);
			defaultConfigurationIsVisible = 0;
			defaultConfigurationName = Release;
		};
		74E38B121E62EE9F00EE1F6B /* Build configuration list for PBXNativeTarget "TableView界面传值" */ = {
			isa = XCConfigurationList;
			buildConfigurations = (
				74E38B131E62EE9F00EE1F6B /* Debug */,
				74E38B141E62EE9F00EE1F6B /* Release */,
			);
			defaultConfigurationIsVisible = 0;
		};
		74E38B151E62EE9F00EE1F6B /* Build configuration list for PBXNativeTarget "TableView界面传值Tests" */ = {
			isa = XCConfigurationList;
			buildConfigurations = (
				74E38B161E62EE9F00EE1F6B /* Debug */,
				74E38B171E62EE9F00EE1F6B /* Release */,
			);
			defaultConfigurationIsVisible = 0;
		};
		74E38B181E62EE9F00EE1F6B /* Build configuration list for PBXNativeTarget "TableView界面传值UITests" */ = {
			isa = XCConfigurationList;
			buildConfigurations = (
				74E38B191E62EE9F00EE1F6B /* Debug */,
				74E38B1A1E62EE9F00EE1F6B /* Release */,
			);
			defaultConfigurationIsVisible = 0;
		};
/* End XCConfigurationList section */
	};
	rootObject = 74E38ADD1E62EE9F00EE1F6B /* Project object */;
}
